
Microsoft Visual Studio Solution File, Format Version 12.00
# Visual Studio Version 17
VisualStudioVersion = 17.0.32002.185
MinimumVisualStudioVersion = 10.0.40219.1
Project("{FAE04EC0-301F-11D3-BF4B-00C04F79EFBC}") = "FirstCoreProject", "FirstCoreProject.csproj", "{0A99CBF7-D5E9-4658-A86A-6241698E67F1}"
EndProject
Global
	GlobalSection(SolutionConfigurationPlatforms) = preSolution
		Debug|Any CPU = Debug|Any CPU
		Release|Any CPU = Release|Any CPU
	EndGlobalSection
	GlobalSection(ProjectConfigurationPlatforms) = postSolution
		{0A99CBF7-D5E9-4658-A86A-6241698E67F1}.Debug|Any CPU.ActiveCfg = Debug|Any CPU
		{0A99CBF7-D5E9-4658-A86A-6241698E67F1}.Debug|Any CPU.Build.0 = Debug|Any CPU
		{0A99CBF7-D5E9-4658-A86A-6241698E67F1}.Release|Any CPU.ActiveCfg = Release|Any CPU
		{0A99CBF7-D5E9-4658-A86A-6241698E67F1}.Release|Any CPU.Build.0 = Release|Any CPU
	EndGlobalSection
	GlobalSection(SolutionProperties) = preSolution
		HideSolutionNode = FALSE
	EndGlobalSection
	GlobalSection(ExtensibilityGlobals) = postSolution
		SolutionGuid = {6D5218D2-7765-4AAA-BF3D-E5DBAF630205}
	EndGlobalSection
EndGlobal
